{
	"name": "simulation",
	"version": "1.0.0",
	"lockfileVersion": 3,
	"requires": true,
	"packages": {
		"": {
			"name": "simulation",
			"version": "1.0.0",
			"license": "ISC",
			"dependencies": {
				"class-transformer": "^0.5.1",
				"reflect-metadata": "^0.1.13"
			},
			"devDependencies": {
				"@types/node": "^18.15.11",
				"typescript": "^5.0.3"
			}
		},
		"node_modules/@types/node": {
			"version": "18.15.11",
			"resolved": "https://registry.npmjs.org/@types/node/-/node-18.15.11.tgz",
			"integrity": "sha512-E5Kwq2n4SbMzQOn6wnmBjuK9ouqlURrcZDVfbo9ftDDTFt3nk7ZKK4GMOzoYgnpQJKcxwQw+lGaBvvlMo0qN/Q==",
			"dev": true
		},
		"node_modules/class-transformer": {
			"version": "0.5.1",
			"resolved": "https://registry.npmjs.org/class-transformer/-/class-transformer-0.5.1.tgz",
			"integrity": "sha512-SQa1Ws6hUbfC98vKGxZH3KFY0Y1lm5Zm0SY8XX9zbK7FJCyVEac3ATW0RIpwzW+oOfmHE5PMPufDG9hCfoEOMw=="
		},
		"node_modules/reflect-metadata": {
			"version": "0.1.13",
			"resolved": "https://registry.npmjs.org/reflect-metadata/-/reflect-metadata-0.1.13.tgz",
			"integrity": "sha512-Ts1Y/anZELhSsjMcU605fU9RE4Oi3p5ORujwbIKXfWa+0Zxs510Qrmrce5/Jowq3cHSZSJqBjypxmHarc+vEWg=="
		},
		"node_modules/typescript": {
			"version": "5.0.3",
			"resolved": "https://registry.npmjs.org/typescript/-/typescript-5.0.3.tgz",
			"integrity": "sha512-xv8mOEDnigb/tN9PSMTwSEqAnUvkoXMQlicOb0IUVDBSQCgBSaAAROUZYy2IcUy5qU6XajK5jjjO7TMWqBTKZA==",
			"dev": true,
			"bin": {
				"tsc": "bin/tsc",
				"tsserver": "bin/tsserver"
			},
			"engines": {
				"node": ">=12.20"
			}
		}
	}
}
